
Microsoft Visual Studio Solution File, Format Version 12.00
# Visual Studio Version 16
VisualStudioVersion = 16.0.30804.86
MinimumVisualStudioVersion = 10.0.40219.1
Project("{9A19103F-16F7-4668-BE54-9A1E7A4F7556}") = "DevIO.Business", "src\DevIO.Business\DevIO.Business.csproj", "{FBA583F9-D80D-4918-B554-401E37384D03}"
EndProject
Project("{9A19103F-16F7-4668-BE54-9A1E7A4F7556}") = "DevIO.Data", "src\DevIO.Data\DevIO.Data.csproj", "{AA27DC84-AB1C-4E72-8241-06641DA1A89A}"
EndProject
Project("{FAE04EC0-301F-11D3-BF4B-00C04F79EFBC}") = "DevIO.Apio", "src\DevIO.Apio\DevIO.Apio.csproj", "{629DD228-0480-4FB3-AAE7-E6450349AF66}"
EndProject
Global
	GlobalSection(SolutionConfigurationPlatforms) = preSolution
		Debug|Any CPU = Debug|Any CPU
		Release|Any CPU = Release|Any CPU
	EndGlobalSection
	GlobalSection(ProjectConfigurationPlatforms) = postSolution
		{FBA583F9-D80D-4918-B554-401E37384D03}.Debug|Any CPU.ActiveCfg = Debug|Any CPU
		{FBA583F9-D80D-4918-B554-401E37384D03}.Debug|Any CPU.Build.0 = Debug|Any CPU
		{FBA583F9-D80D-4918-B554-401E37384D03}.Release|Any CPU.ActiveCfg = Release|Any CPU
		{FBA583F9-D80D-4918-B554-401E37384D03}.Release|Any CPU.Build.0 = Release|Any CPU
		{AA27DC84-AB1C-4E72-8241-06641DA1A89A}.Debug|Any CPU.ActiveCfg = Debug|Any CPU
		{AA27DC84-AB1C-4E72-8241-06641DA1A89A}.Debug|Any CPU.Build.0 = Debug|Any CPU
		{AA27DC84-AB1C-4E72-8241-06641DA1A89A}.Release|Any CPU.ActiveCfg = Release|Any CPU
		{AA27DC84-AB1C-4E72-8241-06641DA1A89A}.Release|Any CPU.Build.0 = Release|Any CPU
		{629DD228-0480-4FB3-AAE7-E6450349AF66}.Debug|Any CPU.ActiveCfg = Debug|Any CPU
		{629DD228-0480-4FB3-AAE7-E6450349AF66}.Debug|Any CPU.Build.0 = Debug|Any CPU
		{629DD228-0480-4FB3-AAE7-E6450349AF66}.Release|Any CPU.ActiveCfg = Release|Any CPU
		{629DD228-0480-4FB3-AAE7-E6450349AF66}.Release|Any CPU.Build.0 = Release|Any CPU
	EndGlobalSection
	GlobalSection(SolutionProperties) = preSolution
		HideSolutionNode = FALSE
	EndGlobalSection
	GlobalSection(ExtensibilityGlobals) = postSolution
		SolutionGuid = {F2DCEAA3-1F34-4B9C-9E42-E7A1A0506622}
	EndGlobalSection
EndGlobal
